
Microsoft Visual Studio Solution File, Format Version 12.00
# Visual Studio 15
VisualStudioVersion = 15.0.27703.2018
MinimumVisualStudioVersion = 10.0.40219.1
Project("{FAE04EC0-301F-11D3-BF4B-00C04F79EFBC}") = "SqlCipherSpeed", "SqlCipherSpeed\SqlCipherSpeed\SqlCipherSpeed.csproj", "{ADFA4B28-0964-4869-84BD-28E99DB269A9}"
EndProject
Project("{FAE04EC0-301F-11D3-BF4B-00C04F79EFBC}") = "SqlCipherSpeed.Android", "SqlCipherSpeed\SqlCipherSpeed.Android\SqlCipherSpeed.Android.csproj", "{29833E36-1402-4494-A0B2-EDE1B2B169F2}"
EndProject
Project("{FAE04EC0-301F-11D3-BF4B-00C04F79EFBC}") = "SqlCipherSpeed.iOS", "SqlCipherSpeed\SqlCipherSpeed.iOS\SqlCipherSpeed.iOS.csproj", "{B3C87F5C-AAAC-4D71-91C7-768AF3050331}"
EndProject
Project("{FAE04EC0-301F-11D3-BF4B-00C04F79EFBC}") = "SqlCipherSpeed.UWP", "SqlCipherSpeed\SqlCipherSpeed.UWP\SqlCipherSpeed.UWP.csproj", "{89C48470-F07E-47A6-BBCD-1B46C98C2E05}"
EndProject
Global
	GlobalSection(SolutionConfigurationPlatforms) = preSolution
		Ad-Hoc|Any CPU = Ad-Hoc|Any CPU
		Ad-Hoc|ARM = Ad-Hoc|ARM
		Ad-Hoc|iPhone = Ad-Hoc|iPhone
		Ad-Hoc|iPhoneSimulator = Ad-Hoc|iPhoneSimulator
		Ad-Hoc|x64 = Ad-Hoc|x64
		Ad-Hoc|x86 = Ad-Hoc|x86
		AppStore|Any CPU = AppStore|Any CPU
		AppStore|ARM = AppStore|ARM
		AppStore|iPhone = AppStore|iPhone
		AppStore|iPhoneSimulator = AppStore|iPhoneSimulator
		AppStore|x64 = AppStore|x64
		AppStore|x86 = AppStore|x86
		Debug|Any CPU = Debug|Any CPU
		Debug|ARM = Debug|ARM
		Debug|iPhone = Debug|iPhone
		Debug|iPhoneSimulator = Debug|iPhoneSimulator
		Debug|x64 = Debug|x64
		Debug|x86 = Debug|x86
		Release|Any CPU = Release|Any CPU
		Release|ARM = Release|ARM
		Release|iPhone = Release|iPhone
		Release|iPhoneSimulator = Release|iPhoneSimulator
		Release|x64 = Release|x64
		Release|x86 = Release|x86
	EndGlobalSection
	GlobalSection(ProjectConfigurationPlatforms) = postSolution
		{ADFA4B28-0964-4869-84BD-28E99DB269A9}.Ad-Hoc|Any CPU.ActiveCfg = Debug|Any CPU
		{ADFA4B28-0964-4869-84BD-28E99DB269A9}.Ad-Hoc|Any CPU.Build.0 = Debug|Any CPU
		{ADFA4B28-0964-4869-84BD-28E99DB269A9}.Ad-Hoc|ARM.ActiveCfg = Debug|Any CPU
		{ADFA4B28-0964-4869-84BD-28E99DB269A9}.Ad-Hoc|ARM.Build.0 = Debug|Any CPU
		{ADFA4B28-0964-4869-84BD-28E99DB269A9}.Ad-Hoc|iPhone.ActiveCfg = Debug|Any CPU
		{ADFA4B28-0964-4869-84BD-28E99DB269A9}.Ad-Hoc|iPhone.Build.0 = Debug|Any CPU
		{ADFA4B28-0964-4869-84BD-28E99DB269A9}.Ad-Hoc|iPhoneSimulator.ActiveCfg = Debug|Any CPU
		{ADFA4B28-0964-4869-84BD-28E99DB269A9}.Ad-Hoc|iPhoneSimulator.Build.0 = Debug|Any CPU
		{ADFA4B28-0964-4869-84BD-28E99DB269A9}.Ad-Hoc|x64.ActiveCfg = Debug|Any CPU
		{ADFA4B28-0964-4869-84BD-28E99DB269A9}.Ad-Hoc|x64.Build.0 = Debug|Any CPU
		{ADFA4B28-0964-4869-84BD-28E99DB269A9}.Ad-Hoc|x86.ActiveCfg = Debug|Any CPU
		{ADFA4B28-0964-4869-84BD-28E99DB269A9}.Ad-Hoc|x86.Build.0 = Debug|Any CPU
		{ADFA4B28-0964-4869-84BD-28E99DB269A9}.AppStore|Any CPU.ActiveCfg = Debug|Any CPU
		{ADFA4B28-0964-4869-84BD-28E99DB269A9}.AppStore|Any CPU.Build.0 = Debug|Any CPU
		{ADFA4B28-0964-4869-84BD-28E99DB269A9}.AppStore|ARM.ActiveCfg = Debug|Any CPU
		{ADFA4B28-0964-4869-84BD-28E99DB269A9}.AppStore|ARM.Build.0 = Debug|Any CPU
		{ADFA4B28-0964-4869-84BD-28E99DB269A9}.AppStore|iPhone.ActiveCfg = Debug|Any CPU
		{ADFA4B28-0964-4869-84BD-28E99DB269A9}.AppStore|iPhone.Build.0 = Debug|Any CPU
		{ADFA4B28-0964-4869-84BD-28E99DB269A9}.AppStore|iPhoneSimulator.ActiveCfg = Debug|Any CPU
		{ADFA4B28-0964-4869-84BD-28E99DB269A9}.AppStore|iPhoneSimulator.Build.0 = Debug|Any CPU
		{ADFA4B28-0964-4869-84BD-28E99DB269A9}.AppStore|x64.ActiveCfg = Debug|Any CPU
		{ADFA4B28-0964-4869-84BD-28E99DB269A9}.AppStore|x64.Build.0 = Debug|Any CPU
		{ADFA4B28-0964-4869-84BD-28E99DB269A9}.AppStore|x86.ActiveCfg = Debug|Any CPU
		{ADFA4B28-0964-4869-84BD-28E99DB269A9}.AppStore|x86.Build.0 = Debug|Any CPU
		{ADFA4B28-0964-4869-84BD-28E99DB269A9}.Debug|Any CPU.ActiveCfg = Debug|Any CPU
		{ADFA4B28-0964-4869-84BD-28E99DB269A9}.Debug|Any CPU.Build.0 = Debug|Any CPU
		{ADFA4B28-0964-4869-84BD-28E99DB269A9}.Debug|ARM.ActiveCfg = Debug|Any CPU
		{ADFA4B28-0964-4869-84BD-28E99DB269A9}.Debug|ARM.Build.0 = Debug|Any CPU
		{ADFA4B28-0964-4869-84BD-28E99DB269A9}.Debug|iPhone.ActiveCfg = Debug|Any CPU
		{ADFA4B28-0964-4869-84BD-28E99DB269A9}.Debug|iPhone.Build.0 = Debug|Any CPU
		{ADFA4B28-0964-4869-84BD-28E99DB269A9}.Debug|iPhoneSimulator.ActiveCfg = Debug|Any CPU
		{ADFA4B28-0964-4869-84BD-28E99DB269A9}.Debug|iPhoneSimulator.Build.0 = Debug|Any CPU
		{ADFA4B28-0964-4869-84BD-28E99DB269A9}.Debug|x64.ActiveCfg = Debug|Any CPU
		{ADFA4B28-0964-4869-84BD-28E99DB269A9}.Debug|x64.Build.0 = Debug|Any CPU
		{ADFA4B28-0964-4869-84BD-28E99DB269A9}.Debug|x86.ActiveCfg = Debug|Any CPU
		{ADFA4B28-0964-4869-84BD-28E99DB269A9}.Debug|x86.Build.0 = Debug|Any CPU
		{ADFA4B28-0964-4869-84BD-28E99DB269A9}.Release|Any CPU.ActiveCfg = Release|Any CPU
		{ADFA4B28-0964-4869-84BD-28E99DB269A9}.Release|Any CPU.Build.0 = Release|Any CPU
		{ADFA4B28-0964-4869-84BD-28E99DB269A9}.Release|ARM.ActiveCfg = Release|Any CPU
		{ADFA4B28-0964-4869-84BD-28E99DB269A9}.Release|ARM.Build.0 = Release|Any CPU
		{ADFA4B28-0964-4869-84BD-28E99DB269A9}.Release|iPhone.ActiveCfg = Release|Any CPU
		{ADFA4B28-0964-4869-84BD-28E99DB269A9}.Release|iPhone.Build.0 = Release|Any CPU
		{ADFA4B28-0964-4869-84BD-28E99DB269A9}.Release|iPhoneSimulator.ActiveCfg = Release|Any CPU
		{ADFA4B28-0964-4869-84BD-28E99DB269A9}.Release|iPhoneSimulator.Build.0 = Release|Any CPU
		{ADFA4B28-0964-4869-84BD-28E99DB269A9}.Release|x64.ActiveCfg = Release|Any CPU
		{ADFA4B28-0964-4869-84BD-28E99DB269A9}.Release|x64.Build.0 = Release|Any CPU
		{ADFA4B28-0964-4869-84BD-28E99DB269A9}.Release|x86.ActiveCfg = Release|Any CPU
		{ADFA4B28-0964-4869-84BD-28E99DB269A9}.Release|x86.Build.0 = Release|Any CPU
		{29833E36-1402-4494-A0B2-EDE1B2B169F2}.Ad-Hoc|Any CPU.ActiveCfg = Release|Any CPU
		{29833E36-1402-4494-A0B2-EDE1B2B169F2}.Ad-Hoc|Any CPU.Build.0 = Release|Any CPU
		{29833E36-1402-4494-A0B2-EDE1B2B169F2}.Ad-Hoc|Any CPU.Deploy.0 = Release|Any CPU
		{29833E36-1402-4494-A0B2-EDE1B2B169F2}.Ad-Hoc|ARM.ActiveCfg = Release|Any CPU
		{29833E36-1402-4494-A0B2-EDE1B2B169F2}.Ad-Hoc|ARM.Build.0 = Release|Any CPU
		{29833E36-1402-4494-A0B2-EDE1B2B169F2}.Ad-Hoc|ARM.Deploy.0 = Release|Any CPU
		{29833E36-1402-4494-A0B2-EDE1B2B169F2}.Ad-Hoc|iPhone.ActiveCfg = Release|Any CPU
		{29833E36-1402-4494-A0B2-EDE1B2B169F2}.Ad-Hoc|iPhone.Build.0 = Release|Any CPU
		{29833E36-1402-4494-A0B2-EDE1B2B169F2}.Ad-Hoc|iPhone.Deploy.0 = Release|Any CPU
		{29833E36-1402-4494-A0B2-EDE1B2B169F2}.Ad-Hoc|iPhoneSimulator.ActiveCfg = Release|Any CPU
		{29833E36-1402-4494-A0B2-EDE1B2B169F2}.Ad-Hoc|iPhoneSimulator.Build.0 = Release|Any CPU
		{29833E36-1402-4494-A0B2-EDE1B2B169F2}.Ad-Hoc|iPhoneSimulator.Deploy.0 = Release|Any CPU
		{29833E36-1402-4494-A0B2-EDE1B2B169F2}.Ad-Hoc|x64.ActiveCfg = Release|Any CPU
		{29833E36-1402-4494-A0B2-EDE1B2B169F2}.Ad-Hoc|x64.Build.0 = Release|Any CPU
		{29833E36-1402-4494-A0B2-EDE1B2B169F2}.Ad-Hoc|x64.Deploy.0 = Release|Any CPU
		{29833E36-1402-4494-A0B2-EDE1B2B169F2}.Ad-Hoc|x86.ActiveCfg = Release|Any CPU
		{29833E36-1402-4494-A0B2-EDE1B2B169F2}.Ad-Hoc|x86.Build.0 = Release|Any CPU
		{29833E36-1402-4494-A0B2-EDE1B2B169F2}.Ad-Hoc|x86.Deploy.0 = Release|Any CPU
		{29833E36-1402-4494-A0B2-EDE1B2B169F2}.AppStore|Any CPU.ActiveCfg = Release|Any CPU
		{29833E36-1402-4494-A0B2-EDE1B2B169F2}.AppStore|Any CPU.Build.0 = Release|Any CPU
		{29833E36-1402-4494-A0B2-EDE1B2B169F2}.AppStore|Any CPU.Deploy.0 = Release|Any CPU
		{29833E36-1402-4494-A0B2-EDE1B2B169F2}.AppStore|ARM.ActiveCfg = Release|Any CPU
		{29833E36-1402-4494-A0B2-EDE1B2B169F2}.AppStore|ARM.Build.0 = Release|Any CPU
		{29833E36-1402-4494-A0B2-EDE1B2B169F2}.AppStore|ARM.Deploy.0 = Release|Any CPU
		{29833E36-1402-4494-A0B2-EDE1B2B169F2}.AppStore|iPhone.ActiveCfg = Release|Any CPU
		{29833E36-1402-4494-A0B2-EDE1B2B169F2}.AppStore|iPhone.Build.0 = Release|Any CPU
		{29833E36-1402-4494-A0B2-EDE1B2B169F2}.AppStore|iPhone.Deploy.0 = Release|Any CPU
		{29833E36-1402-4494-A0B2-EDE1B2B169F2}.AppStore|iPhoneSimulator.ActiveCfg = Release|Any CPU
		{29833E36-1402-4494-A0B2-EDE1B2B169F2}.AppStore|iPhoneSimulator.Build.0 = Release|Any CPU
		{29833E36-1402-4494-A0B2-EDE1B2B169F2}.AppStore|iPhoneSimulator.Deploy.0 = Release|Any CPU
		{29833E36-1402-4494-A0B2-EDE1B2B169F2}.AppStore|x64.ActiveCfg = Release|Any CPU
		{29833E36-1402-4494-A0B2-EDE1B2B169F2}.AppStore|x64.Build.0 = Release|Any CPU
		{29833E36-1402-4494-A0B2-EDE1B2B169F2}.AppStore|x64.Deploy.0 = Release|Any CPU
		{29833E36-1402-4494-A0B2-EDE1B2B169F2}.AppStore|x86.ActiveCfg = Release|Any CPU
		{29833E36-1402-4494-A0B2-EDE1B2B169F2}.AppStore|x86.Build.0 = Release|Any CPU
		{29833E36-1402-4494-A0B2-EDE1B2B169F2}.AppStore|x86.Deploy.0 = Release|Any CPU
		{29833E36-1402-4494-A0B2-EDE1B2B169F2}.Debug|Any CPU.ActiveCfg = Debug|Any CPU
		{29833E36-1402-4494-A0B2-EDE1B2B169F2}.Debug|Any CPU.Build.0 = Debug|Any CPU
		{29833E36-1402-4494-A0B2-EDE1B2B169F2}.Debug|Any CPU.Deploy.0 = Debug|Any CPU
		{29833E36-1402-4494-A0B2-EDE1B2B169F2}.Debug|ARM.ActiveCfg = Debug|Any CPU
		{29833E36-1402-4494-A0B2-EDE1B2B169F2}.Debug|ARM.Build.0 = Debug|Any CPU
		{29833E36-1402-4494-A0B2-EDE1B2B169F2}.Debug|ARM.Deploy.0 = Debug|Any CPU
		{29833E36-1402-4494-A0B2-EDE1B2B169F2}.Debug|iPhone.ActiveCfg = Debug|Any CPU
		{29833E36-1402-4494-A0B2-EDE1B2B169F2}.Debug|iPhone.Build.0 = Debug|Any CPU
		{29833E36-1402-4494-A0B2-EDE1B2B169F2}.Debug|iPhone.Deploy.0 = Debug|Any CPU
		{29833E36-1402-4494-A0B2-EDE1B2B169F2}.Debug|iPhoneSimulator.ActiveCfg = Debug|Any CPU
		{29833E36-1402-4494-A0B2-EDE1B2B169F2}.Debug|iPhoneSimulator.Build.0 = Debug|Any CPU
		{29833E36-1402-4494-A0B2-EDE1B2B169F2}.Debug|iPhoneSimulator.Deploy.0 = Debug|Any CPU
		{29833E36-1402-4494-A0B2-EDE1B2B169F2}.Debug|x64.ActiveCfg = Debug|Any CPU
		{29833E36-1402-4494-A0B2-EDE1B2B169F2}.Debug|x64.Build.0 = Debug|Any CPU
		{29833E36-1402-4494-A0B2-EDE1B2B169F2}.Debug|x64.Deploy.0 = Debug|Any CPU
		{29833E36-1402-4494-A0B2-EDE1B2B169F2}.Debug|x86.ActiveCfg = Debug|Any CPU
		{29833E36-1402-4494-A0B2-EDE1B2B169F2}.Debug|x86.Build.0 = Debug|Any CPU
		{29833E36-1402-4494-A0B2-EDE1B2B169F2}.Debug|x86.Deploy.0 = Debug|Any CPU
		{29833E36-1402-4494-A0B2-EDE1B2B169F2}.Release|Any CPU.ActiveCfg = Release|Any CPU
		{29833E36-1402-4494-A0B2-EDE1B2B169F2}.Release|Any CPU.Build.0 = Release|Any CPU
		{29833E36-1402-4494-A0B2-EDE1B2B169F2}.Release|Any CPU.Deploy.0 = Release|Any CPU
		{29833E36-1402-4494-A0B2-EDE1B2B169F2}.Release|ARM.ActiveCfg = Release|Any CPU
		{29833E36-1402-4494-A0B2-EDE1B2B169F2}.Release|ARM.Build.0 = Release|Any CPU
		{29833E36-1402-4494-A0B2-EDE1B2B169F2}.Release|ARM.Deploy.0 = Release|Any CPU
		{29833E36-1402-4494-A0B2-EDE1B2B169F2}.Release|iPhone.ActiveCfg = Release|Any CPU
		{29833E36-1402-4494-A0B2-EDE1B2B169F2}.Release|iPhone.Build.0 = Release|Any CPU
		{29833E36-1402-4494-A0B2-EDE1B2B169F2}.Release|iPhone.Deploy.0 = Release|Any CPU
		{29833E36-1402-4494-A0B2-EDE1B2B169F2}.Release|iPhoneSimulator.ActiveCfg = Release|Any CPU
		{29833E36-1402-4494-A0B2-EDE1B2B169F2}.Release|iPhoneSimulator.Build.0 = Release|Any CPU
		{29833E36-1402-4494-A0B2-EDE1B2B169F2}.Release|iPhoneSimulator.Deploy.0 = Release|Any CPU
		{29833E36-1402-4494-A0B2-EDE1B2B169F2}.Release|x64.ActiveCfg = Release|Any CPU
		{29833E36-1402-4494-A0B2-EDE1B2B169F2}.Release|x64.Build.0 = Release|Any CPU
		{29833E36-1402-4494-A0B2-EDE1B2B169F2}.Release|x64.Deploy.0 = Release|Any CPU
		{29833E36-1402-4494-A0B2-EDE1B2B169F2}.Release|x86.ActiveCfg = Release|Any CPU
		{29833E36-1402-4494-A0B2-EDE1B2B169F2}.Release|x86.Build.0 = Release|Any CPU
		{29833E36-1402-4494-A0B2-EDE1B2B169F2}.Release|x86.Deploy.0 = Release|Any CPU
		{B3C87F5C-AAAC-4D71-91C7-768AF3050331}.Ad-Hoc|Any CPU.ActiveCfg = Ad-Hoc|iPhone
		{B3C87F5C-AAAC-4D71-91C7-768AF3050331}.Ad-Hoc|ARM.ActiveCfg = Ad-Hoc|iPhone
		{B3C87F5C-AAAC-4D71-91C7-768AF3050331}.Ad-Hoc|iPhone.ActiveCfg = Ad-Hoc|iPhone
		{B3C87F5C-AAAC-4D71-91C7-768AF3050331}.Ad-Hoc|iPhone.Build.0 = Ad-Hoc|iPhone
		{B3C87F5C-AAAC-4D71-91C7-768AF3050331}.Ad-Hoc|iPhoneSimulator.ActiveCfg = Ad-Hoc|iPhoneSimulator
		{B3C87F5C-AAAC-4D71-91C7-768AF3050331}.Ad-Hoc|iPhoneSimulator.Build.0 = Ad-Hoc|iPhoneSimulator
		{B3C87F5C-AAAC-4D71-91C7-768AF3050331}.Ad-Hoc|x64.ActiveCfg = Ad-Hoc|iPhone
		{B3C87F5C-AAAC-4D71-91C7-768AF3050331}.Ad-Hoc|x86.ActiveCfg = Ad-Hoc|iPhone
		{B3C87F5C-AAAC-4D71-91C7-768AF3050331}.AppStore|Any CPU.ActiveCfg = AppStore|iPhone
		{B3C87F5C-AAAC-4D71-91C7-768AF3050331}.AppStore|ARM.ActiveCfg = AppStore|iPhone
		{B3C87F5C-AAAC-4D71-91C7-768AF3050331}.AppStore|iPhone.ActiveCfg = AppStore|iPhone
		{B3C87F5C-AAAC-4D71-91C7-768AF3050331}.AppStore|iPhone.Build.0 = AppStore|iPhone
		{B3C87F5C-AAAC-4D71-91C7-768AF3050331}.AppStore|iPhoneSimulator.ActiveCfg = AppStore|iPhoneSimulator
		{B3C87F5C-AAAC-4D71-91C7-768AF3050331}.AppStore|iPhoneSimulator.Build.0 = AppStore|iPhoneSimulator
		{B3C87F5C-AAAC-4D71-91C7-768AF3050331}.AppStore|x64.ActiveCfg = AppStore|iPhone
		{B3C87F5C-AAAC-4D71-91C7-768AF3050331}.AppStore|x86.ActiveCfg = AppStore|iPhone
		{B3C87F5C-AAAC-4D71-91C7-768AF3050331}.Debug|Any CPU.ActiveCfg = Debug|iPhone
		{B3C87F5C-AAAC-4D71-91C7-768AF3050331}.Debug|ARM.ActiveCfg = Debug|iPhone
		{B3C87F5C-AAAC-4D71-91C7-768AF3050331}.Debug|iPhone.ActiveCfg = Debug|iPhone
		{B3C87F5C-AAAC-4D71-91C7-768AF3050331}.Debug|iPhone.Build.0 = Debug|iPhone
		{B3C87F5C-AAAC-4D71-91C7-768AF3050331}.Debug|iPhoneSimulator.ActiveCfg = Debug|iPhoneSimulator
		{B3C87F5C-AAAC-4D71-91C7-768AF3050331}.Debug|iPhoneSimulator.Build.0 = Debug|iPhoneSimulator
		{B3C87F5C-AAAC-4D71-91C7-768AF3050331}.Debug|x64.ActiveCfg = Debug|iPhone
		{B3C87F5C-AAAC-4D71-91C7-768AF3050331}.Debug|x86.ActiveCfg = Debug|iPhone
		{B3C87F5C-AAAC-4D71-91C7-768AF3050331}.Release|Any CPU.ActiveCfg = Release|iPhone
		{B3C87F5C-AAAC-4D71-91C7-768AF3050331}.Release|ARM.ActiveCfg = Release|iPhone
		{B3C87F5C-AAAC-4D71-91C7-768AF3050331}.Release|iPhone.ActiveCfg = Release|iPhone
		{B3C87F5C-AAAC-4D71-91C7-768AF3050331}.Release|iPhone.Build.0 = Release|iPhone
		{B3C87F5C-AAAC-4D71-91C7-768AF3050331}.Release|iPhoneSimulator.ActiveCfg = Release|iPhoneSimulator
		{B3C87F5C-AAAC-4D71-91C7-768AF3050331}.Release|iPhoneSimulator.Build.0 = Release|iPhoneSimulator
		{B3C87F5C-AAAC-4D71-91C7-768AF3050331}.Release|x64.ActiveCfg = Release|iPhone
		{B3C87F5C-AAAC-4D71-91C7-768AF3050331}.Release|x86.ActiveCfg = Release|iPhone
		{89C48470-F07E-47A6-BBCD-1B46C98C2E05}.Ad-Hoc|Any CPU.ActiveCfg = Release|x86
		{89C48470-F07E-47A6-BBCD-1B46C98C2E05}.Ad-Hoc|Any CPU.Build.0 = Release|x86
		{89C48470-F07E-47A6-BBCD-1B46C98C2E05}.Ad-Hoc|Any CPU.Deploy.0 = Release|x86
		{89C48470-F07E-47A6-BBCD-1B46C98C2E05}.Ad-Hoc|ARM.ActiveCfg = Release|ARM
		{89C48470-F07E-47A6-BBCD-1B46C98C2E05}.Ad-Hoc|ARM.Build.0 = Release|ARM
		{89C48470-F07E-47A6-BBCD-1B46C98C2E05}.Ad-Hoc|ARM.Deploy.0 = Release|ARM
		{89C48470-F07E-47A6-BBCD-1B46C98C2E05}.Ad-Hoc|iPhone.ActiveCfg = Release|x86
		{89C48470-F07E-47A6-BBCD-1B46C98C2E05}.Ad-Hoc|iPhone.Build.0 = Release|x86
		{89C48470-F07E-47A6-BBCD-1B46C98C2E05}.Ad-Hoc|iPhone.Deploy.0 = Release|x86
		{89C48470-F07E-47A6-BBCD-1B46C98C2E05}.Ad-Hoc|iPhoneSimulator.ActiveCfg = Release|x86
		{89C48470-F07E-47A6-BBCD-1B46C98C2E05}.Ad-Hoc|iPhoneSimulator.Build.0 = Release|x86
		{89C48470-F07E-47A6-BBCD-1B46C98C2E05}.Ad-Hoc|iPhoneSimulator.Deploy.0 = Release|x86
		{89C48470-F07E-47A6-BBCD-1B46C98C2E05}.Ad-Hoc|x64.ActiveCfg = Release|x64
		{89C48470-F07E-47A6-BBCD-1B46C98C2E05}.Ad-Hoc|x64.Build.0 = Release|x64
		{89C48470-F07E-47A6-BBCD-1B46C98C2E05}.Ad-Hoc|x64.Deploy.0 = Release|x64
		{89C48470-F07E-47A6-BBCD-1B46C98C2E05}.Ad-Hoc|x86.ActiveCfg = Release|x86
		{89C48470-F07E-47A6-BBCD-1B46C98C2E05}.Ad-Hoc|x86.Build.0 = Release|x86
		{89C48470-F07E-47A6-BBCD-1B46C98C2E05}.Ad-Hoc|x86.Deploy.0 = Release|x86
		{89C48470-F07E-47A6-BBCD-1B46C98C2E05}.AppStore|Any CPU.ActiveCfg = Release|x86
		{89C48470-F07E-47A6-BBCD-1B46C98C2E05}.AppStore|Any CPU.Build.0 = Release|x86
		{89C48470-F07E-47A6-BBCD-1B46C98C2E05}.AppStore|Any CPU.Deploy.0 = Release|x86
		{89C48470-F07E-47A6-BBCD-1B46C98C2E05}.AppStore|ARM.ActiveCfg = Release|ARM
		{89C48470-F07E-47A6-BBCD-1B46C98C2E05}.AppStore|ARM.Build.0 = Release|ARM
		{89C48470-F07E-47A6-BBCD-1B46C98C2E05}.AppStore|ARM.Deploy.0 = Release|ARM
		{89C48470-F07E-47A6-BBCD-1B46C98C2E05}.AppStore|iPhone.ActiveCfg = Release|x86
		{89C48470-F07E-47A6-BBCD-1B46C98C2E05}.AppStore|iPhone.Build.0 = Release|x86
		{89C48470-F07E-47A6-BBCD-1B46C98C2E05}.AppStore|iPhone.Deploy.0 = Release|x86
		{89C48470-F07E-47A6-BBCD-1B46C98C2E05}.AppStore|iPhoneSimulator.ActiveCfg = Release|x86
		{89C48470-F07E-47A6-BBCD-1B46C98C2E05}.AppStore|iPhoneSimulator.Build.0 = Release|x86
		{89C48470-F07E-47A6-BBCD-1B46C98C2E05}.AppStore|iPhoneSimulator.Deploy.0 = Release|x86
		{89C48470-F07E-47A6-BBCD-1B46C98C2E05}.AppStore|x64.ActiveCfg = Release|x64
		{89C48470-F07E-47A6-BBCD-1B46C98C2E05}.AppStore|x64.Build.0 = Release|x64
		{89C48470-F07E-47A6-BBCD-1B46C98C2E05}.AppStore|x64.Deploy.0 = Release|x64
		{89C48470-F07E-47A6-BBCD-1B46C98C2E05}.AppStore|x86.ActiveCfg = Release|x86
		{89C48470-F07E-47A6-BBCD-1B46C98C2E05}.AppStore|x86.Build.0 = Release|x86
		{89C48470-F07E-47A6-BBCD-1B46C98C2E05}.AppStore|x86.Deploy.0 = Release|x86
		{89C48470-F07E-47A6-BBCD-1B46C98C2E05}.Debug|Any CPU.ActiveCfg = Debug|x86
		{89C48470-F07E-47A6-BBCD-1B46C98C2E05}.Debug|ARM.ActiveCfg = Debug|ARM
		{89C48470-F07E-47A6-BBCD-1B46C98C2E05}.Debug|ARM.Build.0 = Debug|ARM
		{89C48470-F07E-47A6-BBCD-1B46C98C2E05}.Debug|ARM.Deploy.0 = Debug|ARM
		{89C48470-F07E-47A6-BBCD-1B46C98C2E05}.Debug|iPhone.ActiveCfg = Debug|x86
		{89C48470-F07E-47A6-BBCD-1B46C98C2E05}.Debug|iPhoneSimulator.ActiveCfg = Debug|x86
		{89C48470-F07E-47A6-BBCD-1B46C98C2E05}.Debug|x64.ActiveCfg = Debug|x64
		{89C48470-F07E-47A6-BBCD-1B46C98C2E05}.Debug|x64.Build.0 = Debug|x64
		{89C48470-F07E-47A6-BBCD-1B46C98C2E05}.Debug|x64.Deploy.0 = Debug|x64
		{89C48470-F07E-47A6-BBCD-1B46C98C2E05}.Debug|x86.ActiveCfg = Debug|x86
		{89C48470-F07E-47A6-BBCD-1B46C98C2E05}.Debug|x86.Build.0 = Debug|x86
		{89C48470-F07E-47A6-BBCD-1B46C98C2E05}.Debug|x86.Deploy.0 = Debug|x86
		{89C48470-F07E-47A6-BBCD-1B46C98C2E05}.Release|Any CPU.ActiveCfg = Release|x86
		{89C48470-F07E-47A6-BBCD-1B46C98C2E05}.Release|ARM.ActiveCfg = Release|ARM
		{89C48470-F07E-47A6-BBCD-1B46C98C2E05}.Release|ARM.Build.0 = Release|ARM
		{89C48470-F07E-47A6-BBCD-1B46C98C2E05}.Release|ARM.Deploy.0 = Release|ARM
		{89C48470-F07E-47A6-BBCD-1B46C98C2E05}.Release|iPhone.ActiveCfg = Release|x86
		{89C48470-F07E-47A6-BBCD-1B46C98C2E05}.Release|iPhoneSimulator.ActiveCfg = Release|x86
		{89C48470-F07E-47A6-BBCD-1B46C98C2E05}.Release|x64.ActiveCfg = Release|x64
		{89C48470-F07E-47A6-BBCD-1B46C98C2E05}.Release|x64.Build.0 = Release|x64
		{89C48470-F07E-47A6-BBCD-1B46C98C2E05}.Release|x64.Deploy.0 = Release|x64
		{89C48470-F07E-47A6-BBCD-1B46C98C2E05}.Release|x86.ActiveCfg = Release|x86
		{89C48470-F07E-47A6-BBCD-1B46C98C2E05}.Release|x86.Build.0 = Release|x86
		{89C48470-F07E-47A6-BBCD-1B46C98C2E05}.Release|x86.Deploy.0 = Release|x86
	EndGlobalSection
	GlobalSection(SolutionProperties) = preSolution
		HideSolutionNode = FALSE
	EndGlobalSection
	GlobalSection(ExtensibilityGlobals) = postSolution
		SolutionGuid = {AC0AF8F9-14AF-428E-9A80-AAE27CEE9DBF}
	EndGlobalSection
EndGlobal
